{
  "object": {
    "pins": [
      {
        "package": "ARHeadsetUtil",
        "repositoryURL": "https://github.com/philipturner/ARHeadsetUtil",
        "state": {
          "branch": "main",
          "revision": "879cf41e85f1257a58b67d3520cc1809e49c166a",
          "version": null
        }
      }
    ]
  },
  "version": 1
}
